
Microsoft Visual Studio Solution File, Format Version 12.00
# Visual Studio Version 17
VisualStudioVersion = 17.11.35327.3
MinimumVisualStudioVersion = 10.0.40219.1
Project("{FAE04EC0-301F-11D3-BF4B-00C04F79EFBC}") = "Console_App1", "Console_App1.csproj", "{0AE4B172-A51D-43D3-A5CC-D235747FFC61}"
EndProject
Global
	GlobalSection(SolutionConfigurationPlatforms) = preSolution
		Debug|Any CPU = Debug|Any CPU
		Release|Any CPU = Release|Any CPU
	EndGlobalSection
	GlobalSection(ProjectConfigurationPlatforms) = postSolution
		{0AE4B172-A51D-43D3-A5CC-D235747FFC61}.Debug|Any CPU.ActiveCfg = Debug|Any CPU
		{0AE4B172-A51D-43D3-A5CC-D235747FFC61}.Debug|Any CPU.Build.0 = Debug|Any CPU
		{0AE4B172-A51D-43D3-A5CC-D235747FFC61}.Release|Any CPU.ActiveCfg = Release|Any CPU
		{0AE4B172-A51D-43D3-A5CC-D235747FFC61}.Release|Any CPU.Build.0 = Release|Any CPU
	EndGlobalSection
	GlobalSection(SolutionProperties) = preSolution
		HideSolutionNode = FALSE
	EndGlobalSection
	GlobalSection(ExtensibilityGlobals) = postSolution
		SolutionGuid = {9D066B58-E08E-4A89-B08C-A07C382DD598}
	EndGlobalSection
EndGlobal
